
Microsoft Visual Studio Solution File, Format Version 12.00
# Visual Studio Version 17
VisualStudioVersion = 17.3.32929.385
MinimumVisualStudioVersion = 10.0.40219.1
Project("{FAE04EC0-301F-11D3-BF4B-00C04F79EFBC}") = "WpfApp1", "WpfApp1\WpfApp1.csproj", "{5669FE9B-2F82-4989-A00A-B8BA1B3121BB}"
EndProject
Global
	GlobalSection(SolutionConfigurationPlatforms) = preSolution
		Debug|Any CPU = Debug|Any CPU
		Release|Any CPU = Release|Any CPU
	EndGlobalSection
	GlobalSection(ProjectConfigurationPlatforms) = postSolution
		{5669FE9B-2F82-4989-A00A-B8BA1B3121BB}.Debug|Any CPU.ActiveCfg = Debug|Any CPU
		{5669FE9B-2F82-4989-A00A-B8BA1B3121BB}.Debug|Any CPU.Build.0 = Debug|Any CPU
		{5669FE9B-2F82-4989-A00A-B8BA1B3121BB}.Release|Any CPU.ActiveCfg = Release|Any CPU
		{5669FE9B-2F82-4989-A00A-B8BA1B3121BB}.Release|Any CPU.Build.0 = Release|Any CPU
	EndGlobalSection
	GlobalSection(SolutionProperties) = preSolution
		HideSolutionNode = FALSE
	EndGlobalSection
	GlobalSection(ExtensibilityGlobals) = postSolution
		SolutionGuid = {624D9479-3C89-4F9D-8FB6-ADFE1AB8FD07}
	EndGlobalSection
EndGlobal
